
Microsoft Visual Studio Solution File, Format Version 12.00
# Visual Studio 2017
Project("{FAE04EC0-301F-11D3-BF4B-00C04F79EFBC}") = "SportVR", "SportVR.csproj", "{776D67FA-6033-380B-1B9A-2EF99A63A268}"
EndProject
Project("{FAE04EC0-301F-11D3-BF4B-00C04F79EFBC}") = "SportVR.Editor", "SportVR.Editor.csproj", "{583E8CD9-7FC5-4C54-AFF0-267CD9D3D9B5}"
EndProject
Global
	GlobalSection(SolutionConfigurationPlatforms) = preSolution
		Debug|Any CPU = Debug|Any CPU
		Release|Any CPU = Release|Any CPU
	EndGlobalSection
	GlobalSection(ProjectConfigurationPlatforms) = postSolution
		{776D67FA-6033-380B-1B9A-2EF99A63A268}.Debug|Any CPU.ActiveCfg = Debug|Any CPU
		{776D67FA-6033-380B-1B9A-2EF99A63A268}.Debug|Any CPU.Build.0 = Debug|Any CPU
		{776D67FA-6033-380B-1B9A-2EF99A63A268}.Release|Any CPU.ActiveCfg = Release|Any CPU
		{776D67FA-6033-380B-1B9A-2EF99A63A268}.Release|Any CPU.Build.0 = Release|Any CPU
		{583E8CD9-7FC5-4C54-AFF0-267CD9D3D9B5}.Debug|Any CPU.ActiveCfg = Debug|Any CPU
		{583E8CD9-7FC5-4C54-AFF0-267CD9D3D9B5}.Debug|Any CPU.Build.0 = Debug|Any CPU
		{583E8CD9-7FC5-4C54-AFF0-267CD9D3D9B5}.Release|Any CPU.ActiveCfg = Release|Any CPU
		{583E8CD9-7FC5-4C54-AFF0-267CD9D3D9B5}.Release|Any CPU.Build.0 = Release|Any CPU
	EndGlobalSection
	GlobalSection(SolutionProperties) = preSolution
		HideSolutionNode = FALSE
	EndGlobalSection
EndGlobal
